
Microsoft Visual Studio Solution File, Format Version 12.00
# Visual Studio Version 16
VisualStudioVersion = 16.0.30413.136
MinimumVisualStudioVersion = 10.0.40219.1
Project("{9A19103F-16F7-4668-BE54-9A1E7A4F7556}") = "Multithreading", "Multithreading\Multithreading.csproj", "{72EB5C92-0B34-41FA-94BA-6D0B727FB589}"
EndProject
Project("{FAE04EC0-301F-11D3-BF4B-00C04F79EFBC}") = "BackgroundThread", "BackgroundThread\BackgroundThread.csproj", "{BEFD8929-3EBF-43B2-87AE-B74103073010}"
EndProject
Project("{FAE04EC0-301F-11D3-BF4B-00C04F79EFBC}") = "RaceCondition", "RaceCondition\RaceCondition.csproj", "{FC316C8F-767F-4B48-8E80-A164D46F6385}"
EndProject
Project("{FAE04EC0-301F-11D3-BF4B-00C04F79EFBC}") = "Deadlock", "Deadlock\Deadlock.csproj", "{D54BDABB-5B83-49E6-8DEE-436999FA7E56}"
EndProject
Project("{FAE04EC0-301F-11D3-BF4B-00C04F79EFBC}") = "Locks", "Locks\Locks.csproj", "{19057E5D-C5FE-485F-90BA-ED415DD9E832}"
EndProject
Project("{FAE04EC0-301F-11D3-BF4B-00C04F79EFBC}") = "Monitor", "Monitor\Monitor.csproj", "{DC612448-A5B3-4012-8236-42F01FE2A7E5}"
EndProject
Project("{FAE04EC0-301F-11D3-BF4B-00C04F79EFBC}") = "Mutex", "Mutex\Mutex.csproj", "{0DF99931-40C3-472F-B076-887467A054A9}"
EndProject
Global
	GlobalSection(SolutionConfigurationPlatforms) = preSolution
		Debug|Any CPU = Debug|Any CPU
		Release|Any CPU = Release|Any CPU
	EndGlobalSection
	GlobalSection(ProjectConfigurationPlatforms) = postSolution
		{72EB5C92-0B34-41FA-94BA-6D0B727FB589}.Debug|Any CPU.ActiveCfg = Debug|Any CPU
		{72EB5C92-0B34-41FA-94BA-6D0B727FB589}.Debug|Any CPU.Build.0 = Debug|Any CPU
		{72EB5C92-0B34-41FA-94BA-6D0B727FB589}.Release|Any CPU.ActiveCfg = Release|Any CPU
		{72EB5C92-0B34-41FA-94BA-6D0B727FB589}.Release|Any CPU.Build.0 = Release|Any CPU
		{BEFD8929-3EBF-43B2-87AE-B74103073010}.Debug|Any CPU.ActiveCfg = Debug|Any CPU
		{BEFD8929-3EBF-43B2-87AE-B74103073010}.Debug|Any CPU.Build.0 = Debug|Any CPU
		{BEFD8929-3EBF-43B2-87AE-B74103073010}.Release|Any CPU.ActiveCfg = Release|Any CPU
		{BEFD8929-3EBF-43B2-87AE-B74103073010}.Release|Any CPU.Build.0 = Release|Any CPU
		{FC316C8F-767F-4B48-8E80-A164D46F6385}.Debug|Any CPU.ActiveCfg = Debug|Any CPU
		{FC316C8F-767F-4B48-8E80-A164D46F6385}.Debug|Any CPU.Build.0 = Debug|Any CPU
		{FC316C8F-767F-4B48-8E80-A164D46F6385}.Release|Any CPU.ActiveCfg = Release|Any CPU
		{FC316C8F-767F-4B48-8E80-A164D46F6385}.Release|Any CPU.Build.0 = Release|Any CPU
		{D54BDABB-5B83-49E6-8DEE-436999FA7E56}.Debug|Any CPU.ActiveCfg = Debug|Any CPU
		{D54BDABB-5B83-49E6-8DEE-436999FA7E56}.Debug|Any CPU.Build.0 = Debug|Any CPU
		{D54BDABB-5B83-49E6-8DEE-436999FA7E56}.Release|Any CPU.ActiveCfg = Release|Any CPU
		{D54BDABB-5B83-49E6-8DEE-436999FA7E56}.Release|Any CPU.Build.0 = Release|Any CPU
		{19057E5D-C5FE-485F-90BA-ED415DD9E832}.Debug|Any CPU.ActiveCfg = Debug|Any CPU
		{19057E5D-C5FE-485F-90BA-ED415DD9E832}.Debug|Any CPU.Build.0 = Debug|Any CPU
		{19057E5D-C5FE-485F-90BA-ED415DD9E832}.Release|Any CPU.ActiveCfg = Release|Any CPU
		{19057E5D-C5FE-485F-90BA-ED415DD9E832}.Release|Any CPU.Build.0 = Release|Any CPU
		{DC612448-A5B3-4012-8236-42F01FE2A7E5}.Debug|Any CPU.ActiveCfg = Debug|Any CPU
		{DC612448-A5B3-4012-8236-42F01FE2A7E5}.Debug|Any CPU.Build.0 = Debug|Any CPU
		{DC612448-A5B3-4012-8236-42F01FE2A7E5}.Release|Any CPU.ActiveCfg = Release|Any CPU
		{DC612448-A5B3-4012-8236-42F01FE2A7E5}.Release|Any CPU.Build.0 = Release|Any CPU
		{0DF99931-40C3-472F-B076-887467A054A9}.Debug|Any CPU.ActiveCfg = Debug|Any CPU
		{0DF99931-40C3-472F-B076-887467A054A9}.Debug|Any CPU.Build.0 = Debug|Any CPU
		{0DF99931-40C3-472F-B076-887467A054A9}.Release|Any CPU.ActiveCfg = Release|Any CPU
		{0DF99931-40C3-472F-B076-887467A054A9}.Release|Any CPU.Build.0 = Release|Any CPU
	EndGlobalSection
	GlobalSection(SolutionProperties) = preSolution
		HideSolutionNode = FALSE
	EndGlobalSection
	GlobalSection(ExtensibilityGlobals) = postSolution
		SolutionGuid = {4CD32E79-FD53-41F2-8DB8-79DECFCE5A6B}
	EndGlobalSection
EndGlobal
