
Microsoft Visual Studio Solution File, Format Version 12.00
# Visual Studio Version 16
VisualStudioVersion = 16.0.30413.136
MinimumVisualStudioVersion = 10.0.40219.1
Project("{9A19103F-16F7-4668-BE54-9A1E7A4F7556}") = "Multithreading", "Multithreading\Multithreading.csproj", "{72EB5C92-0B34-41FA-94BA-6D0B727FB589}"
EndProject
Project("{FAE04EC0-301F-11D3-BF4B-00C04F79EFBC}") = "BackgroundThread", "BackgroundThread\BackgroundThread.csproj", "{BEFD8929-3EBF-43B2-87AE-B74103073010}"
EndProject
Global
	GlobalSection(SolutionConfigurationPlatforms) = preSolution
		Debug|Any CPU = Debug|Any CPU
		Release|Any CPU = Release|Any CPU
	EndGlobalSection
	GlobalSection(ProjectConfigurationPlatforms) = postSolution
		{72EB5C92-0B34-41FA-94BA-6D0B727FB589}.Debug|Any CPU.ActiveCfg = Debug|Any CPU
		{72EB5C92-0B34-41FA-94BA-6D0B727FB589}.Debug|Any CPU.Build.0 = Debug|Any CPU
		{72EB5C92-0B34-41FA-94BA-6D0B727FB589}.Release|Any CPU.ActiveCfg = Release|Any CPU
		{72EB5C92-0B34-41FA-94BA-6D0B727FB589}.Release|Any CPU.Build.0 = Release|Any CPU
		{BEFD8929-3EBF-43B2-87AE-B74103073010}.Debug|Any CPU.ActiveCfg = Debug|Any CPU
		{BEFD8929-3EBF-43B2-87AE-B74103073010}.Debug|Any CPU.Build.0 = Debug|Any CPU
		{BEFD8929-3EBF-43B2-87AE-B74103073010}.Release|Any CPU.ActiveCfg = Release|Any CPU
		{BEFD8929-3EBF-43B2-87AE-B74103073010}.Release|Any CPU.Build.0 = Release|Any CPU
	EndGlobalSection
	GlobalSection(SolutionProperties) = preSolution
		HideSolutionNode = FALSE
	EndGlobalSection
	GlobalSection(ExtensibilityGlobals) = postSolution
		SolutionGuid = {4CD32E79-FD53-41F2-8DB8-79DECFCE5A6B}
	EndGlobalSection
EndGlobal
