
Microsoft Visual Studio Solution File, Format Version 12.00
# Visual Studio Version 16
VisualStudioVersion = 16.0.30711.63
MinimumVisualStudioVersion = 10.0.40219.1
Project("{8BC9CEB8-8B4A-11D0-8D11-00A0C91BC942}") = "CPlusPlusCode", "CPlusPlusCode\CPlusPlusCode.vcxproj", "{5C7158A6-AD3D-4984-AF5D-65D2B31158A2}"
EndProject
Project("{FAE04EC0-301F-11D3-BF4B-00C04F79EFBC}") = "CPlusPlusCodeConsumer", "CPlusPlusCodeConsumer\CPlusPlusCodeConsumer.csproj", "{ED8CB7BD-8E26-4A4F-A594-BFB5993003BF}"
EndProject
Global
	GlobalSection(SolutionConfigurationPlatforms) = preSolution
		Debug|Any CPU = Debug|Any CPU
		Debug|x64 = Debug|x64
		Debug|x86 = Debug|x86
		Release|Any CPU = Release|Any CPU
		Release|x64 = Release|x64
		Release|x86 = Release|x86
	EndGlobalSection
	GlobalSection(ProjectConfigurationPlatforms) = postSolution
		{5C7158A6-AD3D-4984-AF5D-65D2B31158A2}.Debug|Any CPU.ActiveCfg = Debug|Win32
		{5C7158A6-AD3D-4984-AF5D-65D2B31158A2}.Debug|x64.ActiveCfg = Debug|x64
		{5C7158A6-AD3D-4984-AF5D-65D2B31158A2}.Debug|x64.Build.0 = Debug|x64
		{5C7158A6-AD3D-4984-AF5D-65D2B31158A2}.Debug|x86.ActiveCfg = Debug|Win32
		{5C7158A6-AD3D-4984-AF5D-65D2B31158A2}.Debug|x86.Build.0 = Debug|Win32
		{5C7158A6-AD3D-4984-AF5D-65D2B31158A2}.Release|Any CPU.ActiveCfg = Release|Win32
		{5C7158A6-AD3D-4984-AF5D-65D2B31158A2}.Release|x64.ActiveCfg = Release|x64
		{5C7158A6-AD3D-4984-AF5D-65D2B31158A2}.Release|x64.Build.0 = Release|x64
		{5C7158A6-AD3D-4984-AF5D-65D2B31158A2}.Release|x86.ActiveCfg = Release|Win32
		{5C7158A6-AD3D-4984-AF5D-65D2B31158A2}.Release|x86.Build.0 = Release|Win32
		{ED8CB7BD-8E26-4A4F-A594-BFB5993003BF}.Debug|Any CPU.ActiveCfg = Debug|Any CPU
		{ED8CB7BD-8E26-4A4F-A594-BFB5993003BF}.Debug|Any CPU.Build.0 = Debug|Any CPU
		{ED8CB7BD-8E26-4A4F-A594-BFB5993003BF}.Debug|x64.ActiveCfg = Debug|Any CPU
		{ED8CB7BD-8E26-4A4F-A594-BFB5993003BF}.Debug|x64.Build.0 = Debug|Any CPU
		{ED8CB7BD-8E26-4A4F-A594-BFB5993003BF}.Debug|x86.ActiveCfg = Debug|Any CPU
		{ED8CB7BD-8E26-4A4F-A594-BFB5993003BF}.Debug|x86.Build.0 = Debug|Any CPU
		{ED8CB7BD-8E26-4A4F-A594-BFB5993003BF}.Release|Any CPU.ActiveCfg = Release|Any CPU
		{ED8CB7BD-8E26-4A4F-A594-BFB5993003BF}.Release|Any CPU.Build.0 = Release|Any CPU
		{ED8CB7BD-8E26-4A4F-A594-BFB5993003BF}.Release|x64.ActiveCfg = Release|Any CPU
		{ED8CB7BD-8E26-4A4F-A594-BFB5993003BF}.Release|x64.Build.0 = Release|Any CPU
		{ED8CB7BD-8E26-4A4F-A594-BFB5993003BF}.Release|x86.ActiveCfg = Release|Any CPU
		{ED8CB7BD-8E26-4A4F-A594-BFB5993003BF}.Release|x86.Build.0 = Release|Any CPU
	EndGlobalSection
	GlobalSection(SolutionProperties) = preSolution
		HideSolutionNode = FALSE
	EndGlobalSection
	GlobalSection(ExtensibilityGlobals) = postSolution
		SolutionGuid = {576F1BF8-C64D-4E64-9716-20A714FFD3CF}
	EndGlobalSection
EndGlobal
