
Microsoft Visual Studio Solution File, Format Version 12.00
# Visual Studio Version 16
VisualStudioVersion = 16.0.29926.136
MinimumVisualStudioVersion = 10.0.40219.1
Project("{9A19103F-16F7-4668-BE54-9A1E7A4F7556}") = "01.FromSyncToAsync", "01.FromSyncToAsync\01.FromSyncToAsync.csproj", "{A50DA3F2-6BF3-4563-B412-2D2C15C1A886}"
EndProject
Project("{9A19103F-16F7-4668-BE54-9A1E7A4F7556}") = "02.BurgerPreparation", "02.BurgerPreparation\02.BurgerPreparation.csproj", "{B0F71950-28ED-422E-925D-FDF260426ABF}"
EndProject
Project("{9A19103F-16F7-4668-BE54-9A1E7A4F7556}") = "03.MultithreadingAndAsynchronous", "03.MultithreadingAndAsynchronous\03.MultithreadingAndAsynchronous.csproj", "{8DB70573-B6A7-449E-9799-BD2990DAA2E6}"
EndProject
Project("{9A19103F-16F7-4668-BE54-9A1E7A4F7556}") = "04. TaskMethods", "04. TaskMethods\04. TaskMethods.csproj", "{067D2375-5A59-4F3F-BC9E-96FECDB25319}"
EndProject
Project("{9A19103F-16F7-4668-BE54-9A1E7A4F7556}") = "05. AsyncAwait", "05. AsyncAwait\05. AsyncAwait.csproj", "{80D3528F-74DA-4CA6-91FD-BFC0BBF8376E}"
EndProject
Project("{FAE04EC0-301F-11D3-BF4B-00C04F79EFBC}") = "06.PerformanceDemo", "PerformanceDemo\06.PerformanceDemo.csproj", "{1675CADD-F17A-4347-A01E-8B1CD7CE717B}"
EndProject
Project("{FAE04EC0-301F-11D3-BF4B-00C04F79EFBC}") = "07.Gotchas", "07.Gotchas\07.Gotchas.csproj", "{60F8CD48-5F48-4612-887F-34BABA078C84}"
EndProject
Project("{FAE04EC0-301F-11D3-BF4B-00C04F79EFBC}") = "08. Cancellation", "09. Cancellation\08. Cancellation.csproj", "{2D9E4DB7-E919-42DB-A86C-DA9BFB464620}"
EndProject
Project("{FAE04EC0-301F-11D3-BF4B-00C04F79EFBC}") = "09.TasksBehindTheScenes", "09.TasksBehindTheScenes\09.TasksBehindTheScenes.csproj", "{40894BED-D971-40B8-99AD-5AF54B25C711}"
EndProject
Project("{FAE04EC0-301F-11D3-BF4B-00C04F79EFBC}") = "10.CustomAwait", "CustomAwait\10.CustomAwait.csproj", "{5B8B96B6-1A96-4DC3-89A6-0BF75B16BF1C}"
EndProject
Global
	GlobalSection(SolutionConfigurationPlatforms) = preSolution
		Debug|Any CPU = Debug|Any CPU
		Release|Any CPU = Release|Any CPU
	EndGlobalSection
	GlobalSection(ProjectConfigurationPlatforms) = postSolution
		{A50DA3F2-6BF3-4563-B412-2D2C15C1A886}.Debug|Any CPU.ActiveCfg = Debug|Any CPU
		{A50DA3F2-6BF3-4563-B412-2D2C15C1A886}.Debug|Any CPU.Build.0 = Debug|Any CPU
		{A50DA3F2-6BF3-4563-B412-2D2C15C1A886}.Release|Any CPU.ActiveCfg = Release|Any CPU
		{A50DA3F2-6BF3-4563-B412-2D2C15C1A886}.Release|Any CPU.Build.0 = Release|Any CPU
		{B0F71950-28ED-422E-925D-FDF260426ABF}.Debug|Any CPU.ActiveCfg = Debug|Any CPU
		{B0F71950-28ED-422E-925D-FDF260426ABF}.Debug|Any CPU.Build.0 = Debug|Any CPU
		{B0F71950-28ED-422E-925D-FDF260426ABF}.Release|Any CPU.ActiveCfg = Release|Any CPU
		{B0F71950-28ED-422E-925D-FDF260426ABF}.Release|Any CPU.Build.0 = Release|Any CPU
		{8DB70573-B6A7-449E-9799-BD2990DAA2E6}.Debug|Any CPU.ActiveCfg = Debug|Any CPU
		{8DB70573-B6A7-449E-9799-BD2990DAA2E6}.Debug|Any CPU.Build.0 = Debug|Any CPU
		{8DB70573-B6A7-449E-9799-BD2990DAA2E6}.Release|Any CPU.ActiveCfg = Release|Any CPU
		{8DB70573-B6A7-449E-9799-BD2990DAA2E6}.Release|Any CPU.Build.0 = Release|Any CPU
		{067D2375-5A59-4F3F-BC9E-96FECDB25319}.Debug|Any CPU.ActiveCfg = Debug|Any CPU
		{067D2375-5A59-4F3F-BC9E-96FECDB25319}.Debug|Any CPU.Build.0 = Debug|Any CPU
		{067D2375-5A59-4F3F-BC9E-96FECDB25319}.Release|Any CPU.ActiveCfg = Release|Any CPU
		{067D2375-5A59-4F3F-BC9E-96FECDB25319}.Release|Any CPU.Build.0 = Release|Any CPU
		{80D3528F-74DA-4CA6-91FD-BFC0BBF8376E}.Debug|Any CPU.ActiveCfg = Debug|Any CPU
		{80D3528F-74DA-4CA6-91FD-BFC0BBF8376E}.Debug|Any CPU.Build.0 = Debug|Any CPU
		{80D3528F-74DA-4CA6-91FD-BFC0BBF8376E}.Release|Any CPU.ActiveCfg = Release|Any CPU
		{80D3528F-74DA-4CA6-91FD-BFC0BBF8376E}.Release|Any CPU.Build.0 = Release|Any CPU
		{1675CADD-F17A-4347-A01E-8B1CD7CE717B}.Debug|Any CPU.ActiveCfg = Debug|Any CPU
		{1675CADD-F17A-4347-A01E-8B1CD7CE717B}.Debug|Any CPU.Build.0 = Debug|Any CPU
		{1675CADD-F17A-4347-A01E-8B1CD7CE717B}.Release|Any CPU.ActiveCfg = Release|Any CPU
		{1675CADD-F17A-4347-A01E-8B1CD7CE717B}.Release|Any CPU.Build.0 = Release|Any CPU
		{60F8CD48-5F48-4612-887F-34BABA078C84}.Debug|Any CPU.ActiveCfg = Debug|Any CPU
		{60F8CD48-5F48-4612-887F-34BABA078C84}.Debug|Any CPU.Build.0 = Debug|Any CPU
		{60F8CD48-5F48-4612-887F-34BABA078C84}.Release|Any CPU.ActiveCfg = Release|Any CPU
		{60F8CD48-5F48-4612-887F-34BABA078C84}.Release|Any CPU.Build.0 = Release|Any CPU
		{2D9E4DB7-E919-42DB-A86C-DA9BFB464620}.Debug|Any CPU.ActiveCfg = Debug|Any CPU
		{2D9E4DB7-E919-42DB-A86C-DA9BFB464620}.Debug|Any CPU.Build.0 = Debug|Any CPU
		{2D9E4DB7-E919-42DB-A86C-DA9BFB464620}.Release|Any CPU.ActiveCfg = Release|Any CPU
		{2D9E4DB7-E919-42DB-A86C-DA9BFB464620}.Release|Any CPU.Build.0 = Release|Any CPU
		{40894BED-D971-40B8-99AD-5AF54B25C711}.Debug|Any CPU.ActiveCfg = Debug|Any CPU
		{40894BED-D971-40B8-99AD-5AF54B25C711}.Debug|Any CPU.Build.0 = Debug|Any CPU
		{40894BED-D971-40B8-99AD-5AF54B25C711}.Release|Any CPU.ActiveCfg = Release|Any CPU
		{40894BED-D971-40B8-99AD-5AF54B25C711}.Release|Any CPU.Build.0 = Release|Any CPU
		{5B8B96B6-1A96-4DC3-89A6-0BF75B16BF1C}.Debug|Any CPU.ActiveCfg = Debug|Any CPU
		{5B8B96B6-1A96-4DC3-89A6-0BF75B16BF1C}.Debug|Any CPU.Build.0 = Debug|Any CPU
		{5B8B96B6-1A96-4DC3-89A6-0BF75B16BF1C}.Release|Any CPU.ActiveCfg = Release|Any CPU
		{5B8B96B6-1A96-4DC3-89A6-0BF75B16BF1C}.Release|Any CPU.Build.0 = Release|Any CPU
	EndGlobalSection
	GlobalSection(SolutionProperties) = preSolution
		HideSolutionNode = FALSE
	EndGlobalSection
	GlobalSection(ExtensibilityGlobals) = postSolution
		SolutionGuid = {4511DC39-FCAD-4426-B175-372A3F3DA09A}
	EndGlobalSection
EndGlobal
