
Microsoft Visual Studio Solution File, Format Version 12.00
# Visual Studio Version 16
VisualStudioVersion = 16.0.30711.63
MinimumVisualStudioVersion = 10.0.40219.1
Project("{9A19103F-16F7-4668-BE54-9A1E7A4F7556}") = "Pointers", "Pointers\Pointers.csproj", "{C01C6472-7547-49D0-9935-BFD5C919B80C}"
EndProject
Project("{9A19103F-16F7-4668-BE54-9A1E7A4F7556}") = "GarbageCollection", "GarbageCollection\GarbageCollection.csproj", "{1C0C666C-B8A7-4125-A923-57F199CF49F0}"
EndProject
Project("{9A19103F-16F7-4668-BE54-9A1E7A4F7556}") = "ShallowCopy", "ShallowCopy\ShallowCopy.csproj", "{F7C17E6E-8CBB-462C-8BB6-A6A96B0CDFEB}"
EndProject
Project("{FAE04EC0-301F-11D3-BF4B-00C04F79EFBC}") = "DeepCopy", "DeepCopy\DeepCopy.csproj", "{15C5232C-297E-4DE4-A96A-CDBD8FF842D7}"
EndProject
Project("{FAE04EC0-301F-11D3-BF4B-00C04F79EFBC}") = "Destructor", "Destructor\Destructor.csproj", "{A4037D2E-88C5-4B78-9557-38496DE4E804}"
EndProject
Project("{FAE04EC0-301F-11D3-BF4B-00C04F79EFBC}") = "MemoryLeaks", "MemoryLeaks\MemoryLeaks.csproj", "{99C6E86D-EED0-4965-BEE8-1235EF61F894}"
EndProject
Global
	GlobalSection(SolutionConfigurationPlatforms) = preSolution
		Debug|Any CPU = Debug|Any CPU
		Release|Any CPU = Release|Any CPU
	EndGlobalSection
	GlobalSection(ProjectConfigurationPlatforms) = postSolution
		{C01C6472-7547-49D0-9935-BFD5C919B80C}.Debug|Any CPU.ActiveCfg = Debug|Any CPU
		{C01C6472-7547-49D0-9935-BFD5C919B80C}.Debug|Any CPU.Build.0 = Debug|Any CPU
		{C01C6472-7547-49D0-9935-BFD5C919B80C}.Release|Any CPU.ActiveCfg = Release|Any CPU
		{C01C6472-7547-49D0-9935-BFD5C919B80C}.Release|Any CPU.Build.0 = Release|Any CPU
		{1C0C666C-B8A7-4125-A923-57F199CF49F0}.Debug|Any CPU.ActiveCfg = Debug|Any CPU
		{1C0C666C-B8A7-4125-A923-57F199CF49F0}.Debug|Any CPU.Build.0 = Debug|Any CPU
		{1C0C666C-B8A7-4125-A923-57F199CF49F0}.Release|Any CPU.ActiveCfg = Release|Any CPU
		{1C0C666C-B8A7-4125-A923-57F199CF49F0}.Release|Any CPU.Build.0 = Release|Any CPU
		{F7C17E6E-8CBB-462C-8BB6-A6A96B0CDFEB}.Debug|Any CPU.ActiveCfg = Debug|Any CPU
		{F7C17E6E-8CBB-462C-8BB6-A6A96B0CDFEB}.Debug|Any CPU.Build.0 = Debug|Any CPU
		{F7C17E6E-8CBB-462C-8BB6-A6A96B0CDFEB}.Release|Any CPU.ActiveCfg = Release|Any CPU
		{F7C17E6E-8CBB-462C-8BB6-A6A96B0CDFEB}.Release|Any CPU.Build.0 = Release|Any CPU
		{15C5232C-297E-4DE4-A96A-CDBD8FF842D7}.Debug|Any CPU.ActiveCfg = Debug|Any CPU
		{15C5232C-297E-4DE4-A96A-CDBD8FF842D7}.Debug|Any CPU.Build.0 = Debug|Any CPU
		{15C5232C-297E-4DE4-A96A-CDBD8FF842D7}.Release|Any CPU.ActiveCfg = Release|Any CPU
		{15C5232C-297E-4DE4-A96A-CDBD8FF842D7}.Release|Any CPU.Build.0 = Release|Any CPU
		{A4037D2E-88C5-4B78-9557-38496DE4E804}.Debug|Any CPU.ActiveCfg = Debug|Any CPU
		{A4037D2E-88C5-4B78-9557-38496DE4E804}.Debug|Any CPU.Build.0 = Debug|Any CPU
		{A4037D2E-88C5-4B78-9557-38496DE4E804}.Release|Any CPU.ActiveCfg = Release|Any CPU
		{A4037D2E-88C5-4B78-9557-38496DE4E804}.Release|Any CPU.Build.0 = Release|Any CPU
		{99C6E86D-EED0-4965-BEE8-1235EF61F894}.Debug|Any CPU.ActiveCfg = Debug|Any CPU
		{99C6E86D-EED0-4965-BEE8-1235EF61F894}.Debug|Any CPU.Build.0 = Debug|Any CPU
		{99C6E86D-EED0-4965-BEE8-1235EF61F894}.Release|Any CPU.ActiveCfg = Release|Any CPU
		{99C6E86D-EED0-4965-BEE8-1235EF61F894}.Release|Any CPU.Build.0 = Release|Any CPU
	EndGlobalSection
	GlobalSection(SolutionProperties) = preSolution
		HideSolutionNode = FALSE
	EndGlobalSection
	GlobalSection(ExtensibilityGlobals) = postSolution
		SolutionGuid = {D0A9FA59-976F-4622-8D7D-209116DA0513}
	EndGlobalSection
EndGlobal
