
Microsoft Visual Studio Solution File, Format Version 12.00
# Visual Studio Version 16
VisualStudioVersion = 16.0.29409.12
MinimumVisualStudioVersion = 10.0.40219.1
Project("{9A19103F-16F7-4668-BE54-9A1E7A4F7556}") = "BasicDelegates", "BasicDelegates\BasicDelegates.csproj", "{91ABA2FE-6744-4908-92CE-BC64085239A1}"
EndProject
Project("{9A19103F-16F7-4668-BE54-9A1E7A4F7556}") = "FuncAndActionDelegates", "FuncAndActionDelegates\FuncAndActionDelegates.csproj", "{2C977CD6-F790-4684-8F67-163B6F05958F}"
EndProject
Project("{FAE04EC0-301F-11D3-BF4B-00C04F79EFBC}") = "Events", "Events\Events.csproj", "{4517263E-B431-4178-8AF2-DA8F5997067C}"
EndProject
Global
	GlobalSection(SolutionConfigurationPlatforms) = preSolution
		Debug|Any CPU = Debug|Any CPU
		Release|Any CPU = Release|Any CPU
	EndGlobalSection
	GlobalSection(ProjectConfigurationPlatforms) = postSolution
		{91ABA2FE-6744-4908-92CE-BC64085239A1}.Debug|Any CPU.ActiveCfg = Debug|Any CPU
		{91ABA2FE-6744-4908-92CE-BC64085239A1}.Debug|Any CPU.Build.0 = Debug|Any CPU
		{91ABA2FE-6744-4908-92CE-BC64085239A1}.Release|Any CPU.ActiveCfg = Release|Any CPU
		{91ABA2FE-6744-4908-92CE-BC64085239A1}.Release|Any CPU.Build.0 = Release|Any CPU
		{2C977CD6-F790-4684-8F67-163B6F05958F}.Debug|Any CPU.ActiveCfg = Debug|Any CPU
		{2C977CD6-F790-4684-8F67-163B6F05958F}.Debug|Any CPU.Build.0 = Debug|Any CPU
		{2C977CD6-F790-4684-8F67-163B6F05958F}.Release|Any CPU.ActiveCfg = Release|Any CPU
		{2C977CD6-F790-4684-8F67-163B6F05958F}.Release|Any CPU.Build.0 = Release|Any CPU
		{4517263E-B431-4178-8AF2-DA8F5997067C}.Debug|Any CPU.ActiveCfg = Debug|Any CPU
		{4517263E-B431-4178-8AF2-DA8F5997067C}.Debug|Any CPU.Build.0 = Debug|Any CPU
		{4517263E-B431-4178-8AF2-DA8F5997067C}.Release|Any CPU.ActiveCfg = Release|Any CPU
		{4517263E-B431-4178-8AF2-DA8F5997067C}.Release|Any CPU.Build.0 = Release|Any CPU
	EndGlobalSection
	GlobalSection(SolutionProperties) = preSolution
		HideSolutionNode = FALSE
	EndGlobalSection
	GlobalSection(ExtensibilityGlobals) = postSolution
		SolutionGuid = {66911EDB-2F7F-46CC-859F-01700104B10E}
	EndGlobalSection
EndGlobal
