
Microsoft Visual Studio Solution File, Format Version 12.00
# Visual Studio Version 16
VisualStudioVersion = 16.0.29806.167
MinimumVisualStudioVersion = 10.0.40219.1
Project("{9A19103F-16F7-4668-BE54-9A1E7A4F7556}") = "References", "Traps\References\References.csproj", "{987E94FB-62F7-442B-B2EE-D374F369394E}"
EndProject
Project("{2150E333-8FDC-42A3-9474-1A3956D46DE8}") = "Traps", "Traps", "{D14A0CC0-72A9-42A5-B1B0-84F2143C4DBE}"
EndProject
Project("{9A19103F-16F7-4668-BE54-9A1E7A4F7556}") = "CompareStructs", "Traps\CompareStructs\CompareStructs.csproj", "{E884B616-0EEE-4180-9DAD-4B988C62BE0F}"
EndProject
Project("{9A19103F-16F7-4668-BE54-9A1E7A4F7556}") = "StringReferences", "Traps\StringReferences\StringReferences.csproj", "{A28D6DCA-1DDA-448C-9E7F-F8A052944177}"
EndProject
Project("{9A19103F-16F7-4668-BE54-9A1E7A4F7556}") = "PreservingStackTraceWhenRethrowingExceptions", "Traps\PreservingStackTraceWhenRethrowingExceptions\PreservingStackTraceWhenRethrowingExceptions.csproj", "{D6E57E5D-0361-4651-AF6C-A3BE91E0EE7E}"
EndProject
Project("{9A19103F-16F7-4668-BE54-9A1E7A4F7556}") = "ExceptionsInStaticConstructors", "Traps\ExceptionsInStaticConstructors\ExceptionsInStaticConstructors.csproj", "{CE873336-74D1-489B-849E-68E84FF0684C}"
EndProject
Project("{9A19103F-16F7-4668-BE54-9A1E7A4F7556}") = "VirtualCallInConstructor", "Traps\VirtualCallInConstructor\VirtualCallInConstructor.csproj", "{53D1518B-F6A7-494C-82E0-13595F179D09}"
EndProject
Project("{9A19103F-16F7-4668-BE54-9A1E7A4F7556}") = "ChangeHashCodeRunTIme", "Traps\ChangeHashCodeRunTIme\ChangeHashCodeRunTIme.csproj", "{547E3693-3A4C-420C-BB2A-458E5D84AA2E}"
EndProject
Project("{9A19103F-16F7-4668-BE54-9A1E7A4F7556}") = "RandomNumbers", "Traps\RandomNumbers\RandomNumbers.csproj", "{7152DF98-2E3C-4DAE-AE92-BB019D46CC63}"
EndProject
Project("{9A19103F-16F7-4668-BE54-9A1E7A4F7556}") = "MultipleEnumeration", "Traps\MultipleEnumeration\MultipleEnumeration.csproj", "{28EAD8EF-9DE1-46FE-840D-B83E049B2715}"
EndProject
Project("{2150E333-8FDC-42A3-9474-1A3956D46DE8}") = "SyntacticSugar", "SyntacticSugar", "{5BD87760-C8B9-45A8-94FD-5E8B036788B4}"
EndProject
Project("{9A19103F-16F7-4668-BE54-9A1E7A4F7556}") = "CastingVsAsOperator", "SyntacticSugar\CastingVsAsOperator\CastingVsAsOperator.csproj", "{5846D447-0B4B-4E52-99D3-C248F2248E7C}"
EndProject
Project("{9A19103F-16F7-4668-BE54-9A1E7A4F7556}") = "CombinableEnumValues", "SyntacticSugar\CombinableEnumValues\CombinableEnumValues.csproj", "{00F11105-EB19-4551-8120-D780C3097FB9}"
EndProject
Project("{2150E333-8FDC-42A3-9474-1A3956D46DE8}") = "OptionalParameters", "OptionalParameters", "{9094988D-1FD0-4457-B755-C2F076FF8E09}"
EndProject
Project("{9A19103F-16F7-4668-BE54-9A1E7A4F7556}") = "OptionalParameters.Client", "SyntacticSugar\OptionalParameters\OptionalParameters.Client\OptionalParameters.Client.csproj", "{45C15097-F6FF-4113-AAA3-BFFD8AF0A916}"
EndProject
Project("{9A19103F-16F7-4668-BE54-9A1E7A4F7556}") = "OptionalParameters.Library", "SyntacticSugar\OptionalParameters\OptionalParameters.Library\OptionalParameters.Library.csproj", "{54C7CAC1-5637-4B0B-8F0A-BCBB7BA9E1E9}"
EndProject
Project("{9A19103F-16F7-4668-BE54-9A1E7A4F7556}") = "Yield", "SyntacticSugar\Yield\Yield.csproj", "{9281BA2E-5527-4DA2-9494-CB81FBD3ECB9}"
EndProject
Project("{9A19103F-16F7-4668-BE54-9A1E7A4F7556}") = "ConstrainingGenerics", "SyntacticSugar\ConstrainingGenerics\ConstrainingGenerics.csproj", "{87686765-413C-4055-9680-5E62A2841C8A}"
EndProject
Project("{9A19103F-16F7-4668-BE54-9A1E7A4F7556}") = "CovarianceAndContravariance", "SyntacticSugar\CovarianceAndContravariance\CovarianceAndContravariance.csproj", "{DE7750B1-5D99-49C6-AF45-C2597468DA8E}"
EndProject
Project("{2150E333-8FDC-42A3-9474-1A3956D46DE8}") = "UsefulClassesAndMethods", "UsefulClassesAndMethods", "{0791935A-8D1D-474B-8258-00907F191AEC}"
EndProject
Project("{FAE04EC0-301F-11D3-BF4B-00C04F79EFBC}") = "Tuples", "UsefulClassesAndMethods\Tuples\Tuples.csproj", "{305B9DB6-85F1-4AD7-90D9-83748F8C1880}"
EndProject
Project("{FAE04EC0-301F-11D3-BF4B-00C04F79EFBC}") = "MethodDeprecation", "UsefulClassesAndMethods\MethodDeprecation\MethodDeprecation.csproj", "{F8FD48D5-A2F9-45C2-BFBE-89D7A7405CE4}"
EndProject
Project("{FAE04EC0-301F-11D3-BF4B-00C04F79EFBC}") = "FileSystemWatcher", "UsefulClassesAndMethods\FileSystemWatcher\FileSystemWatcher.csproj", "{2B74D60C-02BA-4252-988C-43636991AAC6}"
EndProject
Project("{FAE04EC0-301F-11D3-BF4B-00C04F79EFBC}") = "CombineSequences", "UsefulClassesAndMethods\CombineSequences\CombineSequences.csproj", "{51C5D128-2DB1-498F-A503-252855D63398}"
EndProject
Global
	GlobalSection(SolutionConfigurationPlatforms) = preSolution
		Debug|Any CPU = Debug|Any CPU
		Release|Any CPU = Release|Any CPU
	EndGlobalSection
	GlobalSection(ProjectConfigurationPlatforms) = postSolution
		{987E94FB-62F7-442B-B2EE-D374F369394E}.Debug|Any CPU.ActiveCfg = Debug|Any CPU
		{987E94FB-62F7-442B-B2EE-D374F369394E}.Debug|Any CPU.Build.0 = Debug|Any CPU
		{987E94FB-62F7-442B-B2EE-D374F369394E}.Release|Any CPU.ActiveCfg = Release|Any CPU
		{987E94FB-62F7-442B-B2EE-D374F369394E}.Release|Any CPU.Build.0 = Release|Any CPU
		{E884B616-0EEE-4180-9DAD-4B988C62BE0F}.Debug|Any CPU.ActiveCfg = Debug|Any CPU
		{E884B616-0EEE-4180-9DAD-4B988C62BE0F}.Debug|Any CPU.Build.0 = Debug|Any CPU
		{E884B616-0EEE-4180-9DAD-4B988C62BE0F}.Release|Any CPU.ActiveCfg = Release|Any CPU
		{E884B616-0EEE-4180-9DAD-4B988C62BE0F}.Release|Any CPU.Build.0 = Release|Any CPU
		{A28D6DCA-1DDA-448C-9E7F-F8A052944177}.Debug|Any CPU.ActiveCfg = Debug|Any CPU
		{A28D6DCA-1DDA-448C-9E7F-F8A052944177}.Debug|Any CPU.Build.0 = Debug|Any CPU
		{A28D6DCA-1DDA-448C-9E7F-F8A052944177}.Release|Any CPU.ActiveCfg = Release|Any CPU
		{A28D6DCA-1DDA-448C-9E7F-F8A052944177}.Release|Any CPU.Build.0 = Release|Any CPU
		{D6E57E5D-0361-4651-AF6C-A3BE91E0EE7E}.Debug|Any CPU.ActiveCfg = Debug|Any CPU
		{D6E57E5D-0361-4651-AF6C-A3BE91E0EE7E}.Debug|Any CPU.Build.0 = Debug|Any CPU
		{D6E57E5D-0361-4651-AF6C-A3BE91E0EE7E}.Release|Any CPU.ActiveCfg = Release|Any CPU
		{D6E57E5D-0361-4651-AF6C-A3BE91E0EE7E}.Release|Any CPU.Build.0 = Release|Any CPU
		{CE873336-74D1-489B-849E-68E84FF0684C}.Debug|Any CPU.ActiveCfg = Debug|Any CPU
		{CE873336-74D1-489B-849E-68E84FF0684C}.Debug|Any CPU.Build.0 = Debug|Any CPU
		{CE873336-74D1-489B-849E-68E84FF0684C}.Release|Any CPU.ActiveCfg = Release|Any CPU
		{CE873336-74D1-489B-849E-68E84FF0684C}.Release|Any CPU.Build.0 = Release|Any CPU
		{53D1518B-F6A7-494C-82E0-13595F179D09}.Debug|Any CPU.ActiveCfg = Debug|Any CPU
		{53D1518B-F6A7-494C-82E0-13595F179D09}.Debug|Any CPU.Build.0 = Debug|Any CPU
		{53D1518B-F6A7-494C-82E0-13595F179D09}.Release|Any CPU.ActiveCfg = Release|Any CPU
		{53D1518B-F6A7-494C-82E0-13595F179D09}.Release|Any CPU.Build.0 = Release|Any CPU
		{547E3693-3A4C-420C-BB2A-458E5D84AA2E}.Debug|Any CPU.ActiveCfg = Debug|Any CPU
		{547E3693-3A4C-420C-BB2A-458E5D84AA2E}.Debug|Any CPU.Build.0 = Debug|Any CPU
		{547E3693-3A4C-420C-BB2A-458E5D84AA2E}.Release|Any CPU.ActiveCfg = Release|Any CPU
		{547E3693-3A4C-420C-BB2A-458E5D84AA2E}.Release|Any CPU.Build.0 = Release|Any CPU
		{7152DF98-2E3C-4DAE-AE92-BB019D46CC63}.Debug|Any CPU.ActiveCfg = Debug|Any CPU
		{7152DF98-2E3C-4DAE-AE92-BB019D46CC63}.Debug|Any CPU.Build.0 = Debug|Any CPU
		{7152DF98-2E3C-4DAE-AE92-BB019D46CC63}.Release|Any CPU.ActiveCfg = Release|Any CPU
		{7152DF98-2E3C-4DAE-AE92-BB019D46CC63}.Release|Any CPU.Build.0 = Release|Any CPU
		{28EAD8EF-9DE1-46FE-840D-B83E049B2715}.Debug|Any CPU.ActiveCfg = Debug|Any CPU
		{28EAD8EF-9DE1-46FE-840D-B83E049B2715}.Debug|Any CPU.Build.0 = Debug|Any CPU
		{28EAD8EF-9DE1-46FE-840D-B83E049B2715}.Release|Any CPU.ActiveCfg = Release|Any CPU
		{28EAD8EF-9DE1-46FE-840D-B83E049B2715}.Release|Any CPU.Build.0 = Release|Any CPU
		{5846D447-0B4B-4E52-99D3-C248F2248E7C}.Debug|Any CPU.ActiveCfg = Debug|Any CPU
		{5846D447-0B4B-4E52-99D3-C248F2248E7C}.Debug|Any CPU.Build.0 = Debug|Any CPU
		{5846D447-0B4B-4E52-99D3-C248F2248E7C}.Release|Any CPU.ActiveCfg = Release|Any CPU
		{5846D447-0B4B-4E52-99D3-C248F2248E7C}.Release|Any CPU.Build.0 = Release|Any CPU
		{00F11105-EB19-4551-8120-D780C3097FB9}.Debug|Any CPU.ActiveCfg = Debug|Any CPU
		{00F11105-EB19-4551-8120-D780C3097FB9}.Debug|Any CPU.Build.0 = Debug|Any CPU
		{00F11105-EB19-4551-8120-D780C3097FB9}.Release|Any CPU.ActiveCfg = Release|Any CPU
		{00F11105-EB19-4551-8120-D780C3097FB9}.Release|Any CPU.Build.0 = Release|Any CPU
		{45C15097-F6FF-4113-AAA3-BFFD8AF0A916}.Debug|Any CPU.ActiveCfg = Debug|Any CPU
		{45C15097-F6FF-4113-AAA3-BFFD8AF0A916}.Debug|Any CPU.Build.0 = Debug|Any CPU
		{45C15097-F6FF-4113-AAA3-BFFD8AF0A916}.Release|Any CPU.ActiveCfg = Release|Any CPU
		{45C15097-F6FF-4113-AAA3-BFFD8AF0A916}.Release|Any CPU.Build.0 = Release|Any CPU
		{54C7CAC1-5637-4B0B-8F0A-BCBB7BA9E1E9}.Debug|Any CPU.ActiveCfg = Debug|Any CPU
		{54C7CAC1-5637-4B0B-8F0A-BCBB7BA9E1E9}.Debug|Any CPU.Build.0 = Debug|Any CPU
		{54C7CAC1-5637-4B0B-8F0A-BCBB7BA9E1E9}.Release|Any CPU.ActiveCfg = Release|Any CPU
		{54C7CAC1-5637-4B0B-8F0A-BCBB7BA9E1E9}.Release|Any CPU.Build.0 = Release|Any CPU
		{9281BA2E-5527-4DA2-9494-CB81FBD3ECB9}.Debug|Any CPU.ActiveCfg = Debug|Any CPU
		{9281BA2E-5527-4DA2-9494-CB81FBD3ECB9}.Debug|Any CPU.Build.0 = Debug|Any CPU
		{9281BA2E-5527-4DA2-9494-CB81FBD3ECB9}.Release|Any CPU.ActiveCfg = Release|Any CPU
		{9281BA2E-5527-4DA2-9494-CB81FBD3ECB9}.Release|Any CPU.Build.0 = Release|Any CPU
		{87686765-413C-4055-9680-5E62A2841C8A}.Debug|Any CPU.ActiveCfg = Debug|Any CPU
		{87686765-413C-4055-9680-5E62A2841C8A}.Debug|Any CPU.Build.0 = Debug|Any CPU
		{87686765-413C-4055-9680-5E62A2841C8A}.Release|Any CPU.ActiveCfg = Release|Any CPU
		{87686765-413C-4055-9680-5E62A2841C8A}.Release|Any CPU.Build.0 = Release|Any CPU
		{DE7750B1-5D99-49C6-AF45-C2597468DA8E}.Debug|Any CPU.ActiveCfg = Debug|Any CPU
		{DE7750B1-5D99-49C6-AF45-C2597468DA8E}.Debug|Any CPU.Build.0 = Debug|Any CPU
		{DE7750B1-5D99-49C6-AF45-C2597468DA8E}.Release|Any CPU.ActiveCfg = Release|Any CPU
		{DE7750B1-5D99-49C6-AF45-C2597468DA8E}.Release|Any CPU.Build.0 = Release|Any CPU
		{305B9DB6-85F1-4AD7-90D9-83748F8C1880}.Debug|Any CPU.ActiveCfg = Debug|Any CPU
		{305B9DB6-85F1-4AD7-90D9-83748F8C1880}.Debug|Any CPU.Build.0 = Debug|Any CPU
		{305B9DB6-85F1-4AD7-90D9-83748F8C1880}.Release|Any CPU.ActiveCfg = Release|Any CPU
		{305B9DB6-85F1-4AD7-90D9-83748F8C1880}.Release|Any CPU.Build.0 = Release|Any CPU
		{F8FD48D5-A2F9-45C2-BFBE-89D7A7405CE4}.Debug|Any CPU.ActiveCfg = Debug|Any CPU
		{F8FD48D5-A2F9-45C2-BFBE-89D7A7405CE4}.Debug|Any CPU.Build.0 = Debug|Any CPU
		{F8FD48D5-A2F9-45C2-BFBE-89D7A7405CE4}.Release|Any CPU.ActiveCfg = Release|Any CPU
		{F8FD48D5-A2F9-45C2-BFBE-89D7A7405CE4}.Release|Any CPU.Build.0 = Release|Any CPU
		{2B74D60C-02BA-4252-988C-43636991AAC6}.Debug|Any CPU.ActiveCfg = Debug|Any CPU
		{2B74D60C-02BA-4252-988C-43636991AAC6}.Debug|Any CPU.Build.0 = Debug|Any CPU
		{2B74D60C-02BA-4252-988C-43636991AAC6}.Release|Any CPU.ActiveCfg = Release|Any CPU
		{2B74D60C-02BA-4252-988C-43636991AAC6}.Release|Any CPU.Build.0 = Release|Any CPU
		{51C5D128-2DB1-498F-A503-252855D63398}.Debug|Any CPU.ActiveCfg = Debug|Any CPU
		{51C5D128-2DB1-498F-A503-252855D63398}.Debug|Any CPU.Build.0 = Debug|Any CPU
		{51C5D128-2DB1-498F-A503-252855D63398}.Release|Any CPU.ActiveCfg = Release|Any CPU
		{51C5D128-2DB1-498F-A503-252855D63398}.Release|Any CPU.Build.0 = Release|Any CPU
	EndGlobalSection
	GlobalSection(SolutionProperties) = preSolution
		HideSolutionNode = FALSE
	EndGlobalSection
	GlobalSection(NestedProjects) = preSolution
		{987E94FB-62F7-442B-B2EE-D374F369394E} = {D14A0CC0-72A9-42A5-B1B0-84F2143C4DBE}
		{E884B616-0EEE-4180-9DAD-4B988C62BE0F} = {D14A0CC0-72A9-42A5-B1B0-84F2143C4DBE}
		{A28D6DCA-1DDA-448C-9E7F-F8A052944177} = {D14A0CC0-72A9-42A5-B1B0-84F2143C4DBE}
		{D6E57E5D-0361-4651-AF6C-A3BE91E0EE7E} = {D14A0CC0-72A9-42A5-B1B0-84F2143C4DBE}
		{CE873336-74D1-489B-849E-68E84FF0684C} = {D14A0CC0-72A9-42A5-B1B0-84F2143C4DBE}
		{53D1518B-F6A7-494C-82E0-13595F179D09} = {D14A0CC0-72A9-42A5-B1B0-84F2143C4DBE}
		{547E3693-3A4C-420C-BB2A-458E5D84AA2E} = {D14A0CC0-72A9-42A5-B1B0-84F2143C4DBE}
		{7152DF98-2E3C-4DAE-AE92-BB019D46CC63} = {D14A0CC0-72A9-42A5-B1B0-84F2143C4DBE}
		{28EAD8EF-9DE1-46FE-840D-B83E049B2715} = {D14A0CC0-72A9-42A5-B1B0-84F2143C4DBE}
		{5846D447-0B4B-4E52-99D3-C248F2248E7C} = {5BD87760-C8B9-45A8-94FD-5E8B036788B4}
		{00F11105-EB19-4551-8120-D780C3097FB9} = {5BD87760-C8B9-45A8-94FD-5E8B036788B4}
		{9094988D-1FD0-4457-B755-C2F076FF8E09} = {5BD87760-C8B9-45A8-94FD-5E8B036788B4}
		{45C15097-F6FF-4113-AAA3-BFFD8AF0A916} = {9094988D-1FD0-4457-B755-C2F076FF8E09}
		{54C7CAC1-5637-4B0B-8F0A-BCBB7BA9E1E9} = {9094988D-1FD0-4457-B755-C2F076FF8E09}
		{9281BA2E-5527-4DA2-9494-CB81FBD3ECB9} = {5BD87760-C8B9-45A8-94FD-5E8B036788B4}
		{87686765-413C-4055-9680-5E62A2841C8A} = {5BD87760-C8B9-45A8-94FD-5E8B036788B4}
		{DE7750B1-5D99-49C6-AF45-C2597468DA8E} = {5BD87760-C8B9-45A8-94FD-5E8B036788B4}
		{305B9DB6-85F1-4AD7-90D9-83748F8C1880} = {0791935A-8D1D-474B-8258-00907F191AEC}
		{F8FD48D5-A2F9-45C2-BFBE-89D7A7405CE4} = {0791935A-8D1D-474B-8258-00907F191AEC}
		{2B74D60C-02BA-4252-988C-43636991AAC6} = {0791935A-8D1D-474B-8258-00907F191AEC}
		{51C5D128-2DB1-498F-A503-252855D63398} = {0791935A-8D1D-474B-8258-00907F191AEC}
	EndGlobalSection
	GlobalSection(ExtensibilityGlobals) = postSolution
		SolutionGuid = {DE21439D-4DBD-4A00-90DE-9EE85B8477B2}
	EndGlobalSection
EndGlobal
