
Microsoft Visual Studio Solution File, Format Version 12.00
# Visual Studio Version 16
VisualStudioVersion = 16.0.29409.12
MinimumVisualStudioVersion = 10.0.40219.1
Project("{9A19103F-16F7-4668-BE54-9A1E7A4F7556}") = "ReflectionDelegatesDemo", "ReflectionDelegatesDemo\ReflectionDelegatesDemo.csproj", "{2BBF03CE-943F-4202-8CEB-AECE3633171A}"
EndProject
Project("{FAE04EC0-301F-11D3-BF4B-00C04F79EFBC}") = "DynamicReflectionDemo", "DynamicReflectionDemo\DynamicReflectionDemo.csproj", "{EE2E3F3D-F7A6-4122-A9E5-9F65382761F7}"
EndProject
Project("{FAE04EC0-301F-11D3-BF4B-00C04F79EFBC}") = "CoolLibrary", "CoolLibrary\CoolLibrary.csproj", "{3CBB2268-4CC1-4EA9-88DF-47FEB2ADF859}"
EndProject
Global
	GlobalSection(SolutionConfigurationPlatforms) = preSolution
		Debug|Any CPU = Debug|Any CPU
		Release|Any CPU = Release|Any CPU
	EndGlobalSection
	GlobalSection(ProjectConfigurationPlatforms) = postSolution
		{2BBF03CE-943F-4202-8CEB-AECE3633171A}.Debug|Any CPU.ActiveCfg = Debug|Any CPU
		{2BBF03CE-943F-4202-8CEB-AECE3633171A}.Debug|Any CPU.Build.0 = Debug|Any CPU
		{2BBF03CE-943F-4202-8CEB-AECE3633171A}.Release|Any CPU.ActiveCfg = Release|Any CPU
		{2BBF03CE-943F-4202-8CEB-AECE3633171A}.Release|Any CPU.Build.0 = Release|Any CPU
		{EE2E3F3D-F7A6-4122-A9E5-9F65382761F7}.Debug|Any CPU.ActiveCfg = Debug|Any CPU
		{EE2E3F3D-F7A6-4122-A9E5-9F65382761F7}.Debug|Any CPU.Build.0 = Debug|Any CPU
		{EE2E3F3D-F7A6-4122-A9E5-9F65382761F7}.Release|Any CPU.ActiveCfg = Release|Any CPU
		{EE2E3F3D-F7A6-4122-A9E5-9F65382761F7}.Release|Any CPU.Build.0 = Release|Any CPU
		{3CBB2268-4CC1-4EA9-88DF-47FEB2ADF859}.Debug|Any CPU.ActiveCfg = Debug|Any CPU
		{3CBB2268-4CC1-4EA9-88DF-47FEB2ADF859}.Debug|Any CPU.Build.0 = Debug|Any CPU
		{3CBB2268-4CC1-4EA9-88DF-47FEB2ADF859}.Release|Any CPU.ActiveCfg = Release|Any CPU
		{3CBB2268-4CC1-4EA9-88DF-47FEB2ADF859}.Release|Any CPU.Build.0 = Release|Any CPU
	EndGlobalSection
	GlobalSection(SolutionProperties) = preSolution
		HideSolutionNode = FALSE
	EndGlobalSection
	GlobalSection(ExtensibilityGlobals) = postSolution
		SolutionGuid = {CBB194FC-B655-4D35-ADE7-3CE8BE76285C}
	EndGlobalSection
EndGlobal
